// !$*UTF8*$!
{
	archiveVersion = 1;
	classes = {
	};
	objectVersion = 50;
	objects = {

/* Begin PBXBuildFile section */
		AC7CD1F9229C52D900AC9966 /* AppDelegate.swift in Sources */ = {isa = PBXBuildFile; fileRef = AC7CD1F8229C52D900AC9966 /* AppDelegate.swift */; };
		AC7CD1FB229C52D900AC9966 /* ViewController.swift in Sources */ = {isa = PBXBuildFile; fileRef = AC7CD1FA229C52D900AC9966 /* ViewController.swift */; };
		AC7CD1FE229C52D900AC9966 /* Main.storyboard in Resources */ = {isa = PBXBuildFile; fileRef = AC7CD1FC229C52D900AC9966 /* Main.storyboard */; };
		AC7CD200229C52DB00AC9966 /* Assets.xcassets in Resources */ = {isa = PBXBuildFile; fileRef = AC7CD1FF229C52DB00AC9966 /* Assets.xcassets */; };
		AC7CD203229C52DB00AC9966 /* LaunchScreen.storyboard in Resources */ = {isa = PBXBuildFile; fileRef = AC7CD201229C52DB00AC9966 /* LaunchScreen.storyboard */; };
		AC7CD20B229C540E00AC9966 /* MyTableViewController.swift in Sources */ = {isa = PBXBuildFile; fileRef = AC7CD20A229C540E00AC9966 /* MyTableViewController.swift */; };
		AC7CD20D229C569A00AC9966 /* MyTableViewCell.swift in Sources */ = {isa = PBXBuildFile; fileRef = AC7CD20C229C569A00AC9966 /* MyTableViewCell.swift */; };
		AC7CD20F229C578C00AC9966 /* Model.swift in Sources */ = {isa = PBXBuildFile; fileRef = AC7CD20E229C578C00AC9966 /* Model.swift */; };
/* End PBXBuildFile section */

/* Begin PBXFileReference section */
		AC7CD1F5229C52D800AC9966 /* UITableViewControllerWithMVCInStoryboard.app */ = {isa = PBXFileReference; explicitFileType = wrapper.application; includeInIndex = 0; path = UITableViewControllerWithMVCInStoryboard.app; sourceTree = BUILT_PRODUCTS_DIR; };
		AC7CD1F8229C52D900AC9966 /* AppDelegate.swift */ = {isa = PBXFileReference; lastKnownFileType = sourcecode.swift; path = AppDelegate.swift; sourceTree = "<group>"; };
		AC7CD1FA229C52D900AC9966 /* ViewController.swift */ = {isa = PBXFileReference; lastKnownFileType = sourcecode.swift; path = ViewController.swift; sourceTree = "<group>"; };
		AC7CD1FD229C52D900AC9966 /* Base */ = {isa = PBXFileReference; lastKnownFileType = file.storyboard; name = Base; path = Base.lproj/Main.storyboard; sourceTree = "<group>"; };
		AC7CD1FF229C52DB00AC9966 /* Assets.xcassets */ = {isa = PBXFileReference; lastKnownFileType = folder.assetcatalog; path = Assets.xcassets; sourceTree = "<group>"; };
		AC7CD202229C52DB00AC9966 /* Base */ = {isa = PBXFileReference; lastKnownFileType = file.storyboard; name = Base; path = Base.lproj/LaunchScreen.storyboard; sourceTree = "<group>"; };
		AC7CD204229C52DB00AC9966 /* Info.plist */ = {isa = PBXFileReference; lastKnownFileType = text.plist.xml; path = Info.plist; sourceTree = "<group>"; };
		AC7CD20A229C540E00AC9966 /* MyTableViewController.swift */ = {isa = PBXFileReference; lastKnownFileType = sourcecode.swift; path = MyTableViewController.swift; sourceTree = "<group>"; };
		AC7CD20C229C569A00AC9966 /* MyTableViewCell.swift */ = {isa = PBXFileReference; lastKnownFileType = sourcecode.swift; path = MyTableViewCell.swift; sourceTree = "<group>"; };
		AC7CD20E229C578C00AC9966 /* Model.swift */ = {isa = PBXFileReference; lastKnownFileType = sourcecode.swift; path = Model.swift; sourceTree = "<group>"; };
/* End PBXFileReference section */

/* Begin PBXFrameworksBuildPhase section */
		AC7CD1F2229C52D800AC9966 /* Frameworks */ = {
			isa = PBXFrameworksBuildPhase;
			buildActionMask = 2147483647;
			files = (
			);
			runOnlyForDeploymentPostprocessing = 0;
		};
/* End PBXFrameworksBuildPhase section */

/* Begin PBXGroup section */
		AC7CD1EC229C52D800AC9966 = {
			isa = PBXGroup;
			children = (
				AC7CD1F7229C52D800AC9966 /* UITableViewControllerWithMVCInStoryboard */,
				AC7CD1F6229C52D800AC9966 /* Products */,
			);
			sourceTree = "<group>";
		};
		AC7CD1F6229C52D800AC9966 /* Products */ = {
			isa = PBXGroup;
			children = (
				AC7CD1F5229C52D800AC9966 /* UITableViewControllerWithMVCInStoryboard.app */,
			);
			name = Products;
			sourceTree = "<group>";
		};
		AC7CD1F7229C52D800AC9966 /* UITableViewControllerWithMVCInStoryboard */ = {
			isa = PBXGroup;
			children = (
				AC7CD1F8229C52D900AC9966 /* AppDelegate.swift */,
				AC7CD1FA229C52D900AC9966 /* ViewController.swift */,
				AC7CD1FC229C52D900AC9966 /* Main.storyboard */,
				AC7CD20C229C569A00AC9966 /* MyTableViewCell.swift */,
				AC7CD20A229C540E00AC9966 /* MyTableViewController.swift */,
				AC7CD20E229C578C00AC9966 /* Model.swift */,
				AC7CD1FF229C52DB00AC9966 /* Assets.xcassets */,
				AC7CD201229C52DB00AC9966 /* LaunchScreen.storyboard */,
				AC7CD204229C52DB00AC9966 /* Info.plist */,
			);
			path = UITableViewControllerWithMVCInStoryboard;
			sourceTree = "<group>";
		};
/* End PBXGroup section */

/* Begin PBXNativeTarget section */
		AC7CD1F4229C52D800AC9966 /* UITableViewControllerWithMVCInStoryboard */ = {
			isa = PBXNativeTarget;
			buildConfigurationList = AC7CD207229C52DB00AC9966 /* Build configuration list for PBXNativeTarget "UITableViewControllerWithMVCInStoryboard" */;
			buildPhases = (
				AC7CD1F1229C52D800AC9966 /* Sources */,
				AC7CD1F2229C52D800AC9966 /* Frameworks */,
				AC7CD1F3229C52D800AC9966 /* Resources */,
			);
			buildRules = (
			);
			dependencies = (
			);
			name = UITableViewControllerWithMVCInStoryboard;
			productName = UITableViewControllerWithMVCInStoryboard;
			productReference = AC7CD1F5229C52D800AC9966 /* UITableViewControllerWithMVCInStoryboard.app */;
			productType = "com.apple.product-type.application";
		};
/* End PBXNativeTarget section */

/* Begin PBXProject section */
		AC7CD1ED229C52D800AC9966 /* Project object */ = {
			isa = PBXProject;
			attributes = {
				LastSwiftUpdateCheck = 1020;
				LastUpgradeCheck = 1020;
				ORGANIZATIONNAME = "Артем";
				TargetAttributes = {
					AC7CD1F4229C52D800AC9966 = {
						CreatedOnToolsVersion = 10.2.1;
					};
				};
			};
			buildConfigurationList = AC7CD1F0229C52D800AC9966 /* Build configuration list for PBXProject "UITableViewControllerWithMVCInStoryboard" */;
			compatibilityVersion = "Xcode 9.3";
			developmentRegion = en;
			hasScannedForEncodings = 0;
			knownRegions = (
				en,
				Base,
			);
			mainGroup = AC7CD1EC229C52D800AC9966;
			productRefGroup = AC7CD1F6229C52D800AC9966 /* Products */;
			projectDirPath = "";
			projectRoot = "";
			targets = (
				AC7CD1F4229C52D800AC9966 /* UITableViewControllerWithMVCInStoryboard */,
			);
		};
/* End PBXProject section */

/* Begin PBXResourcesBuildPhase section */
		AC7CD1F3229C52D800AC9966 /* Resources */ = {
			isa = PBXResourcesBuildPhase;
			buildActionMask = 2147483647;
			files = (
				AC7CD203229C52DB00AC9966 /* LaunchScreen.storyboard in Resources */,
				AC7CD200229C52DB00AC9966 /* Assets.xcassets in Resources */,
				AC7CD1FE229C52D900AC9966 /* Main.storyboard in Resources */,
			);
			runOnlyForDeploymentPostprocessing = 0;
		};
/* End PBXResourcesBuildPhase section */

/* Begin PBXSourcesBuildPhase section */
		AC7CD1F1229C52D800AC9966 /* Sources */ = {
			isa = PBXSourcesBuildPhase;
			buildActionMask = 2147483647;
			files = (
				AC7CD20F229C578C00AC9966 /* Model.swift in Sources */,
				AC7CD1FB229C52D900AC9966 /* ViewController.swift in Sources */,
				AC7CD20D229C569A00AC9966 /* MyTableViewCell.swift in Sources */,
				AC7CD20B229C540E00AC9966 /* MyTableViewController.swift in Sources */,
				AC7CD1F9229C52D900AC9966 /* AppDelegate.swift in Sources */,
			);
			runOnlyForDeploymentPostprocessing = 0;
		};
/* End PBXSourcesBuildPhase section */

/* Begin PBXVariantGroup section */
		AC7CD1FC229C52D900AC9966 /* Main.storyboard */ = {
			isa = PBXVariantGroup;
			children = (
				AC7CD1FD229C52D900AC9966 /* Base */,
			);
			name = Main.storyboard;
			sourceTree = "<group>";
		};
		AC7CD201229C52DB00AC9966 /* LaunchScreen.storyboard */ = {
			isa = PBXVariantGroup;
			children = (
				AC7CD202229C52DB00AC9966 /* Base */,
			);
			name = LaunchScreen.storyboard;
			sourceTree = "<group>";
		};
/* End PBXVariantGroup section */

/* Begin XCBuildConfiguration section */
		AC7CD205229C52DB00AC9966 /* Debug */ = {
			isa = XCBuildConfiguration;
			buildSettings = {
				ALWAYS_SEARCH_USER_PATHS = NO;
				CLANG_ANALYZER_NONNULL = YES;
				CLANG_ANALYZER_NUMBER_OBJECT_CONVERSION = YES_AGGRESSIVE;
				CLANG_CXX_LANGUAGE_STANDARD = "gnu++14";
				CLANG_CXX_LIBRARY = "libc++";
				CLANG_ENABLE_MODULES = YES;
				CLANG_ENABLE_OBJC_ARC = YES;
				CLANG_ENABLE_OBJC_WEAK = YES;
				CLANG_WARN_BLOCK_CAPTURE_AUTORELEASING = YES;
				CLANG_WARN_BOOL_CONVERSION = YES;
				CLANG_WARN_COMMA = YES;
				CLANG_WARN_CONSTANT_CONVERSION = YES;
				CLANG_WARN_DEPRECATED_OBJC_IMPLEMENTATIONS = YES;
				CLANG_WARN_DIRECT_OBJC_ISA_USAGE = YES_ERROR;
				CLANG_WARN_DOCUMENTATION_COMMENTS = YES;
				CLANG_WARN_EMPTY_BODY = YES;
				CLANG_WARN_ENUM_CONVERSION = YES;
				CLANG_WARN_INFINITE_RECURSION = YES;
				CLANG_WARN_INT_CONVERSION = YES;
				CLANG_WARN_NON_LITERAL_NULL_CONVERSION = YES;
				CLANG_WARN_OBJC_IMPLICIT_RETAIN_SELF = YES;
				CLANG_WARN_OBJC_LITERAL_CONVERSION = YES;
				CLANG_WARN_OBJC_ROOT_CLASS = YES_ERROR;
				CLANG_WARN_RANGE_LOOP_ANALYSIS = YES;
				CLANG_WARN_STRICT_PROTOTYPES = YES;
				CLANG_WARN_SUSPICIOUS_MOVE = YES;
				CLANG_WARN_UNGUARDED_AVAILABILITY = YES_AGGRESSIVE;
				CLANG_WARN_UNREACHABLE_CODE = YES;
				CLANG_WARN__DUPLICATE_METHOD_MATCH = YES;
				CODE_SIGN_IDENTITY = "iPhone Developer";
				COPY_PHASE_STRIP = NO;
				DEBUG_INFORMATION_FORMAT = dwarf;
				ENABLE_STRICT_OBJC_MSGSEND = YES;
				ENABLE_TESTABILITY = YES;
				GCC_C_LANGUAGE_STANDARD = gnu11;
				GCC_DYNAMIC_NO_PIC = NO;
				GCC_NO_COMMON_BLOCKS = YES;
				GCC_OPTIMIZATION_LEVEL = 0;
				GCC_PREPROCESSOR_DEFINITIONS = (
					"DEBUG=1",
					"$(inherited)",
				);
				GCC_WARN_64_TO_32_BIT_CONVERSION = YES;
				GCC_WARN_ABOUT_RETURN_TYPE = YES_ERROR;
				GCC_WARN_UNDECLARED_SELECTOR = YES;
				GCC_WARN_UNINITIALIZED_AUTOS = YES_AGGRESSIVE;
				GCC_WARN_UNUSED_FUNCTION = YES;
				GCC_WARN_UNUSED_VARIABLE = YES;
				IPHONEOS_DEPLOYMENT_TARGET = 12.2;
				MTL_ENABLE_DEBUG_INFO = INCLUDE_SOURCE;
				MTL_FAST_MATH = YES;
				ONLY_ACTIVE_ARCH = YES;
				SDKROOT = iphoneos;
				SWIFT_ACTIVE_COMPILATION_CONDITIONS = DEBUG;
				SWIFT_OPTIMIZATION_LEVEL = "-Onone";
			};
			name = Debug;
		};
		AC7CD206229C52DB00AC9966 /* Release */ = {
			isa = XCBuildConfiguration;
			buildSettings = {
				ALWAYS_SEARCH_USER_PATHS = NO;
				CLANG_ANALYZER_NONNULL = YES;
				CLANG_ANALYZER_NUMBER_OBJECT_CONVERSION = YES_AGGRESSIVE;
				CLANG_CXX_LANGUAGE_STANDARD = "gnu++14";
				CLANG_CXX_LIBRARY = "libc++";
				CLANG_ENABLE_MODULES = YES;
				CLANG_ENABLE_OBJC_ARC = YES;
				CLANG_ENABLE_OBJC_WEAK = YES;
				CLANG_WARN_BLOCK_CAPTURE_AUTORELEASING = YES;
				CLANG_WARN_BOOL_CONVERSION = YES;
				CLANG_WARN_COMMA = YES;
				CLANG_WARN_CONSTANT_CONVERSION = YES;
				CLANG_WARN_DEPRECATED_OBJC_IMPLEMENTATIONS = YES;
				CLANG_WARN_DIRECT_OBJC_ISA_USAGE = YES_ERROR;
				CLANG_WARN_DOCUMENTATION_COMMENTS = YES;
				CLANG_WARN_EMPTY_BODY = YES;
				CLANG_WARN_ENUM_CONVERSION = YES;
				CLANG_WARN_INFINITE_RECURSION = YES;
				CLANG_WARN_INT_CONVERSION = YES;
				CLANG_WARN_NON_LITERAL_NULL_CONVERSION = YES;
				CLANG_WARN_OBJC_IMPLICIT_RETAIN_SELF = YES;
				CLANG_WARN_OBJC_LITERAL_CONVERSION = YES;
				CLANG_WARN_OBJC_ROOT_CLASS = YES_ERROR;
				CLANG_WARN_RANGE_LOOP_ANALYSIS = YES;
				CLANG_WARN_STRICT_PROTOTYPES = YES;
				CLANG_WARN_SUSPICIOUS_MOVE = YES;
				CLANG_WARN_UNGUARDED_AVAILABILITY = YES_AGGRESSIVE;
				CLANG_WARN_UNREACHABLE_CODE = YES;
				CLANG_WARN__DUPLICATE_METHOD_MATCH = YES;
				CODE_SIGN_IDENTITY = "iPhone Developer";
				COPY_PHASE_STRIP = NO;
				DEBUG_INFORMATION_FORMAT = "dwarf-with-dsym";
				ENABLE_NS_ASSERTIONS = NO;
				ENABLE_STRICT_OBJC_MSGSEND = YES;
				GCC_C_LANGUAGE_STANDARD = gnu11;
				GCC_NO_COMMON_BLOCKS = YES;
				GCC_WARN_64_TO_32_BIT_CONVERSION = YES;
				GCC_WARN_ABOUT_RETURN_TYPE = YES_ERROR;
				GCC_WARN_UNDECLARED_SELECTOR = YES;
				GCC_WARN_UNINITIALIZED_AUTOS = YES_AGGRESSIVE;
				GCC_WARN_UNUSED_FUNCTION = YES;
				GCC_WARN_UNUSED_VARIABLE = YES;
				IPHONEOS_DEPLOYMENT_TARGET = 12.2;
				MTL_ENABLE_DEBUG_INFO = NO;
				MTL_FAST_MATH = YES;
				SDKROOT = iphoneos;
				SWIFT_COMPILATION_MODE = wholemodule;
				SWIFT_OPTIMIZATION_LEVEL = "-O";
				VALIDATE_PRODUCT = YES;
			};
			name = Release;
		};
		AC7CD208229C52DB00AC9966 /* Debug */ = {
			isa = XCBuildConfiguration;
			buildSettings = {
				ASSETCATALOG_COMPILER_APPICON_NAME = AppIcon;
				CODE_SIGN_STYLE = Automatic;
				DEVELOPMENT_TEAM = SP8ZAT56L5;
				INFOPLIST_FILE = UITableViewControllerWithMVCInStoryboard/Info.plist;
				LD_RUNPATH_SEARCH_PATHS = (
					"$(inherited)",
					"@executable_path/Frameworks",
				);
				PRODUCT_BUNDLE_IDENTIFIER = Art.UITableViewControllerWithMVCInStoryboard;
				PRODUCT_NAME = "$(TARGET_NAME)";
				SWIFT_VERSION = 5.0;
				TARGETED_DEVICE_FAMILY = "1,2";
			};
			name = Debug;
		};
		AC7CD209229C52DB00AC9966 /* Release */ = {
			isa = XCBuildConfiguration;
			buildSettings = {
				ASSETCATALOG_COMPILER_APPICON_NAME = AppIcon;
				CODE_SIGN_STYLE = Automatic;
				DEVELOPMENT_TEAM = SP8ZAT56L5;
				INFOPLIST_FILE = UITableViewControllerWithMVCInStoryboard/Info.plist;
				LD_RUNPATH_SEARCH_PATHS = (
					"$(inherited)",
					"@executable_path/Frameworks",
				);
				PRODUCT_BUNDLE_IDENTIFIER = Art.UITableViewControllerWithMVCInStoryboard;
				PRODUCT_NAME = "$(TARGET_NAME)";
				SWIFT_VERSION = 5.0;
				TARGETED_DEVICE_FAMILY = "1,2";
			};
			name = Release;
		};
/* End XCBuildConfiguration section */

/* Begin XCConfigurationList section */
		AC7CD1F0229C52D800AC9966 /* Build configuration list for PBXProject "UITableViewControllerWithMVCInStoryboard" */ = {
			isa = XCConfigurationList;
			buildConfigurations = (
				AC7CD205229C52DB00AC9966 /* Debug */,
				AC7CD206229C52DB00AC9966 /* Release */,
			);
			defaultConfigurationIsVisible = 0;
			defaultConfigurationName = Release;
		};
		AC7CD207229C52DB00AC9966 /* Build configuration list for PBXNativeTarget "UITableViewControllerWithMVCInStoryboard" */ = {
			isa = XCConfigurationList;
			buildConfigurations = (
				AC7CD208229C52DB00AC9966 /* Debug */,
				AC7CD209229C52DB00AC9966 /* Release */,
			);
			defaultConfigurationIsVisible = 0;
			defaultConfigurationName = Release;
		};
/* End XCConfigurationList section */
	};
	rootObject = AC7CD1ED229C52D800AC9966 /* Project object */;
}
